
Microsoft Visual Studio Solution File, Format Version 12.00
# Visual Studio Version 16
VisualStudioVersion = 16.0.30309.148
MinimumVisualStudioVersion = 10.0.40219.1
Project("{9A19103F-16F7-4668-BE54-9A1E7A4F7556}") = "01.Library", "01.Library\01.Library.csproj", "{4E2DB976-D097-482D-895E-BC3D30CA90CD}"
EndProject
Project("{9A19103F-16F7-4668-BE54-9A1E7A4F7556}") = "02.LibraryIterator", "02.LibraryIterator\02.LibraryIterator.csproj", "{0DD6065C-0508-4940-9D80-7EA612129D06}"
EndProject
Project("{9A19103F-16F7-4668-BE54-9A1E7A4F7556}") = "03.ComparableBook", "03.ComparableBook\03.ComparableBook.csproj", "{DE4226EE-3BB0-4CB1-8B47-0FCCC74A3E1C}"
EndProject
Project("{FAE04EC0-301F-11D3-BF4B-00C04F79EFBC}") = "04.BookComparer", "04.BookComparer\04.BookComparer.csproj", "{CD222953-F0CE-4D70-9094-B23B48BD7120}"
EndProject
Global
	GlobalSection(SolutionConfigurationPlatforms) = preSolution
		Debug|Any CPU = Debug|Any CPU
		Release|Any CPU = Release|Any CPU
	EndGlobalSection
	GlobalSection(ProjectConfigurationPlatforms) = postSolution
		{4E2DB976-D097-482D-895E-BC3D30CA90CD}.Debug|Any CPU.ActiveCfg = Debug|Any CPU
		{4E2DB976-D097-482D-895E-BC3D30CA90CD}.Debug|Any CPU.Build.0 = Debug|Any CPU
		{4E2DB976-D097-482D-895E-BC3D30CA90CD}.Release|Any CPU.ActiveCfg = Release|Any CPU
		{4E2DB976-D097-482D-895E-BC3D30CA90CD}.Release|Any CPU.Build.0 = Release|Any CPU
		{0DD6065C-0508-4940-9D80-7EA612129D06}.Debug|Any CPU.ActiveCfg = Debug|Any CPU
		{0DD6065C-0508-4940-9D80-7EA612129D06}.Debug|Any CPU.Build.0 = Debug|Any CPU
		{0DD6065C-0508-4940-9D80-7EA612129D06}.Release|Any CPU.ActiveCfg = Release|Any CPU
		{0DD6065C-0508-4940-9D80-7EA612129D06}.Release|Any CPU.Build.0 = Release|Any CPU
		{DE4226EE-3BB0-4CB1-8B47-0FCCC74A3E1C}.Debug|Any CPU.ActiveCfg = Debug|Any CPU
		{DE4226EE-3BB0-4CB1-8B47-0FCCC74A3E1C}.Debug|Any CPU.Build.0 = Debug|Any CPU
		{DE4226EE-3BB0-4CB1-8B47-0FCCC74A3E1C}.Release|Any CPU.ActiveCfg = Release|Any CPU
		{DE4226EE-3BB0-4CB1-8B47-0FCCC74A3E1C}.Release|Any CPU.Build.0 = Release|Any CPU
		{CD222953-F0CE-4D70-9094-B23B48BD7120}.Debug|Any CPU.ActiveCfg = Debug|Any CPU
		{CD222953-F0CE-4D70-9094-B23B48BD7120}.Debug|Any CPU.Build.0 = Debug|Any CPU
		{CD222953-F0CE-4D70-9094-B23B48BD7120}.Release|Any CPU.ActiveCfg = Release|Any CPU
		{CD222953-F0CE-4D70-9094-B23B48BD7120}.Release|Any CPU.Build.0 = Release|Any CPU
	EndGlobalSection
	GlobalSection(SolutionProperties) = preSolution
		HideSolutionNode = FALSE
	EndGlobalSection
	GlobalSection(ExtensibilityGlobals) = postSolution
		SolutionGuid = {F29A4A4E-8092-4244-9C88-943C2CDF5A8E}
	EndGlobalSection
EndGlobal
