
Microsoft Visual Studio Solution File, Format Version 12.00
# Visual Studio Version 16
VisualStudioVersion = 16.0.30309.148
MinimumVisualStudioVersion = 10.0.40219.1
Project("{FAE04EC0-301F-11D3-BF4B-00C04F79EFBC}") = "01.SortEvenNumbers", "01.SortEvenNumbers\01.SortEvenNumbers.csproj", "{595EDA08-1880-46A3-9FCB-5A4080BDBE58}"
EndProject
Project("{FAE04EC0-301F-11D3-BF4B-00C04F79EFBC}") = "02.SumNumbers", "02.SumNumbers\02.SumNumbers.csproj", "{A9E2DFD1-F394-4379-8ED2-13208A975A21}"
EndProject
Project("{FAE04EC0-301F-11D3-BF4B-00C04F79EFBC}") = "03.CountUppercaseWords", "03.CountUppercaseWords\03.CountUppercaseWords.csproj", "{7609CF20-472B-4E2F-A6EA-40AA1EA74C5F}"
EndProject
Project("{FAE04EC0-301F-11D3-BF4B-00C04F79EFBC}") = "04.AddVAT", "04.AddVAT\04.AddVAT.csproj", "{BEE559A8-3442-434B-8612-5F7E75C8FFDA}"
EndProject
Project("{FAE04EC0-301F-11D3-BF4B-00C04F79EFBC}") = "05.FilterByAge", "05.FilterByAge\05.FilterByAge.csproj", "{2E22AB9D-217F-421D-920B-4C77D15D1EE7}"
EndProject
Global
	GlobalSection(SolutionConfigurationPlatforms) = preSolution
		Debug|Any CPU = Debug|Any CPU
		Release|Any CPU = Release|Any CPU
	EndGlobalSection
	GlobalSection(ProjectConfigurationPlatforms) = postSolution
		{595EDA08-1880-46A3-9FCB-5A4080BDBE58}.Debug|Any CPU.ActiveCfg = Debug|Any CPU
		{595EDA08-1880-46A3-9FCB-5A4080BDBE58}.Debug|Any CPU.Build.0 = Debug|Any CPU
		{595EDA08-1880-46A3-9FCB-5A4080BDBE58}.Release|Any CPU.ActiveCfg = Release|Any CPU
		{595EDA08-1880-46A3-9FCB-5A4080BDBE58}.Release|Any CPU.Build.0 = Release|Any CPU
		{A9E2DFD1-F394-4379-8ED2-13208A975A21}.Debug|Any CPU.ActiveCfg = Debug|Any CPU
		{A9E2DFD1-F394-4379-8ED2-13208A975A21}.Debug|Any CPU.Build.0 = Debug|Any CPU
		{A9E2DFD1-F394-4379-8ED2-13208A975A21}.Release|Any CPU.ActiveCfg = Release|Any CPU
		{A9E2DFD1-F394-4379-8ED2-13208A975A21}.Release|Any CPU.Build.0 = Release|Any CPU
		{7609CF20-472B-4E2F-A6EA-40AA1EA74C5F}.Debug|Any CPU.ActiveCfg = Debug|Any CPU
		{7609CF20-472B-4E2F-A6EA-40AA1EA74C5F}.Debug|Any CPU.Build.0 = Debug|Any CPU
		{7609CF20-472B-4E2F-A6EA-40AA1EA74C5F}.Release|Any CPU.ActiveCfg = Release|Any CPU
		{7609CF20-472B-4E2F-A6EA-40AA1EA74C5F}.Release|Any CPU.Build.0 = Release|Any CPU
		{BEE559A8-3442-434B-8612-5F7E75C8FFDA}.Debug|Any CPU.ActiveCfg = Debug|Any CPU
		{BEE559A8-3442-434B-8612-5F7E75C8FFDA}.Debug|Any CPU.Build.0 = Debug|Any CPU
		{BEE559A8-3442-434B-8612-5F7E75C8FFDA}.Release|Any CPU.ActiveCfg = Release|Any CPU
		{BEE559A8-3442-434B-8612-5F7E75C8FFDA}.Release|Any CPU.Build.0 = Release|Any CPU
		{2E22AB9D-217F-421D-920B-4C77D15D1EE7}.Debug|Any CPU.ActiveCfg = Debug|Any CPU
		{2E22AB9D-217F-421D-920B-4C77D15D1EE7}.Debug|Any CPU.Build.0 = Debug|Any CPU
		{2E22AB9D-217F-421D-920B-4C77D15D1EE7}.Release|Any CPU.ActiveCfg = Release|Any CPU
		{2E22AB9D-217F-421D-920B-4C77D15D1EE7}.Release|Any CPU.Build.0 = Release|Any CPU
	EndGlobalSection
	GlobalSection(SolutionProperties) = preSolution
		HideSolutionNode = FALSE
	EndGlobalSection
	GlobalSection(ExtensibilityGlobals) = postSolution
		SolutionGuid = {DBD42F92-13F8-4A7E-937F-4885F21DFC90}
	EndGlobalSection
EndGlobal
