
Microsoft Visual Studio Solution File, Format Version 12.00
# Visual Studio Version 16
VisualStudioVersion = 16.0.30309.148
MinimumVisualStudioVersion = 10.0.40219.1
Project("{FAE04EC0-301F-11D3-BF4B-00C04F79EFBC}") = "01.OddLines", "01.OddLines\01.OddLines.csproj", "{B7B737DB-7074-4009-869E-EFE2A1CC06B2}"
EndProject
Global
	GlobalSection(SolutionConfigurationPlatforms) = preSolution
		Debug|Any CPU = Debug|Any CPU
		Release|Any CPU = Release|Any CPU
	EndGlobalSection
	GlobalSection(ProjectConfigurationPlatforms) = postSolution
		{B7B737DB-7074-4009-869E-EFE2A1CC06B2}.Debug|Any CPU.ActiveCfg = Debug|Any CPU
		{B7B737DB-7074-4009-869E-EFE2A1CC06B2}.Debug|Any CPU.Build.0 = Debug|Any CPU
		{B7B737DB-7074-4009-869E-EFE2A1CC06B2}.Release|Any CPU.ActiveCfg = Release|Any CPU
		{B7B737DB-7074-4009-869E-EFE2A1CC06B2}.Release|Any CPU.Build.0 = Release|Any CPU
	EndGlobalSection
	GlobalSection(SolutionProperties) = preSolution
		HideSolutionNode = FALSE
	EndGlobalSection
	GlobalSection(ExtensibilityGlobals) = postSolution
		SolutionGuid = {E8109BB6-D9FF-4F04-AD2D-7E65B440985E}
	EndGlobalSection
EndGlobal
