
Microsoft Visual Studio Solution File, Format Version 12.00
# Visual Studio Version 16
VisualStudioVersion = 16.0.30309.148
MinimumVisualStudioVersion = 10.0.40219.1
Project("{FAE04EC0-301F-11D3-BF4B-00C04F79EFBC}") = "01.Problem", "01.Problem\01.Problem.csproj", "{698BFC22-4DA1-47C1-9389-CBF959125DFA}"
EndProject
Project("{FAE04EC0-301F-11D3-BF4B-00C04F79EFBC}") = "02.Problem", "02.Problem\02.Problem.csproj", "{6A5C1768-1632-4B64-909E-85396C9352B8}"
EndProject
Project("{FAE04EC0-301F-11D3-BF4B-00C04F79EFBC}") = "03.Problem", "03.Problem\03.Problem.csproj", "{14CF240A-7FBF-4D50-8D05-3AB7546C8343}"
EndProject
Global
	GlobalSection(SolutionConfigurationPlatforms) = preSolution
		Debug|Any CPU = Debug|Any CPU
		Release|Any CPU = Release|Any CPU
	EndGlobalSection
	GlobalSection(ProjectConfigurationPlatforms) = postSolution
		{698BFC22-4DA1-47C1-9389-CBF959125DFA}.Debug|Any CPU.ActiveCfg = Debug|Any CPU
		{698BFC22-4DA1-47C1-9389-CBF959125DFA}.Debug|Any CPU.Build.0 = Debug|Any CPU
		{698BFC22-4DA1-47C1-9389-CBF959125DFA}.Release|Any CPU.ActiveCfg = Release|Any CPU
		{698BFC22-4DA1-47C1-9389-CBF959125DFA}.Release|Any CPU.Build.0 = Release|Any CPU
		{6A5C1768-1632-4B64-909E-85396C9352B8}.Debug|Any CPU.ActiveCfg = Debug|Any CPU
		{6A5C1768-1632-4B64-909E-85396C9352B8}.Debug|Any CPU.Build.0 = Debug|Any CPU
		{6A5C1768-1632-4B64-909E-85396C9352B8}.Release|Any CPU.ActiveCfg = Release|Any CPU
		{6A5C1768-1632-4B64-909E-85396C9352B8}.Release|Any CPU.Build.0 = Release|Any CPU
		{14CF240A-7FBF-4D50-8D05-3AB7546C8343}.Debug|Any CPU.ActiveCfg = Debug|Any CPU
		{14CF240A-7FBF-4D50-8D05-3AB7546C8343}.Debug|Any CPU.Build.0 = Debug|Any CPU
		{14CF240A-7FBF-4D50-8D05-3AB7546C8343}.Release|Any CPU.ActiveCfg = Release|Any CPU
		{14CF240A-7FBF-4D50-8D05-3AB7546C8343}.Release|Any CPU.Build.0 = Release|Any CPU
	EndGlobalSection
	GlobalSection(SolutionProperties) = preSolution
		HideSolutionNode = FALSE
	EndGlobalSection
	GlobalSection(ExtensibilityGlobals) = postSolution
		SolutionGuid = {2EBA462A-0536-4770-B8EB-FD72FA96CDA2}
	EndGlobalSection
EndGlobal
