
Microsoft Visual Studio Solution File, Format Version 12.00
# Visual Studio Version 16
VisualStudioVersion = 16.0.30309.148
MinimumVisualStudioVersion = 10.0.40219.1
Project("{FAE04EC0-301F-11D3-BF4B-00C04F79EFBC}") = "01.Car", "01.Car\01.Car.csproj", "{2ADACCA7-1384-40C2-A2C7-8E6EB8F0A2B9}"
EndProject
Project("{FAE04EC0-301F-11D3-BF4B-00C04F79EFBC}") = "02.CarExtension", "02.CarExtension\02.CarExtension.csproj", "{02F65B8C-E0DE-414C-B622-C2F3A1167B06}"
EndProject
Project("{FAE04EC0-301F-11D3-BF4B-00C04F79EFBC}") = "03.CarConstructors", "03.CarConstructors\03.CarConstructors.csproj", "{F61D5476-2594-4B5B-B131-1090D0631894}"
EndProject
Project("{FAE04EC0-301F-11D3-BF4B-00C04F79EFBC}") = "04.CarEngineAndTires", "04.CarEngineAndTires\04.CarEngineAndTires.csproj", "{D34872A4-DBB9-4950-A62C-CE9D09AF7377}"
EndProject
Project("{FAE04EC0-301F-11D3-BF4B-00C04F79EFBC}") = "05.SpecialCars", "05.SpecialCars\05.SpecialCars.csproj", "{26894C70-22F0-4966-93AC-2EAA99549F03}"
EndProject
Global
	GlobalSection(SolutionConfigurationPlatforms) = preSolution
		Debug|Any CPU = Debug|Any CPU
		Release|Any CPU = Release|Any CPU
	EndGlobalSection
	GlobalSection(ProjectConfigurationPlatforms) = postSolution
		{2ADACCA7-1384-40C2-A2C7-8E6EB8F0A2B9}.Debug|Any CPU.ActiveCfg = Debug|Any CPU
		{2ADACCA7-1384-40C2-A2C7-8E6EB8F0A2B9}.Debug|Any CPU.Build.0 = Debug|Any CPU
		{2ADACCA7-1384-40C2-A2C7-8E6EB8F0A2B9}.Release|Any CPU.ActiveCfg = Release|Any CPU
		{2ADACCA7-1384-40C2-A2C7-8E6EB8F0A2B9}.Release|Any CPU.Build.0 = Release|Any CPU
		{02F65B8C-E0DE-414C-B622-C2F3A1167B06}.Debug|Any CPU.ActiveCfg = Debug|Any CPU
		{02F65B8C-E0DE-414C-B622-C2F3A1167B06}.Debug|Any CPU.Build.0 = Debug|Any CPU
		{02F65B8C-E0DE-414C-B622-C2F3A1167B06}.Release|Any CPU.ActiveCfg = Release|Any CPU
		{02F65B8C-E0DE-414C-B622-C2F3A1167B06}.Release|Any CPU.Build.0 = Release|Any CPU
		{F61D5476-2594-4B5B-B131-1090D0631894}.Debug|Any CPU.ActiveCfg = Debug|Any CPU
		{F61D5476-2594-4B5B-B131-1090D0631894}.Debug|Any CPU.Build.0 = Debug|Any CPU
		{F61D5476-2594-4B5B-B131-1090D0631894}.Release|Any CPU.ActiveCfg = Release|Any CPU
		{F61D5476-2594-4B5B-B131-1090D0631894}.Release|Any CPU.Build.0 = Release|Any CPU
		{D34872A4-DBB9-4950-A62C-CE9D09AF7377}.Debug|Any CPU.ActiveCfg = Debug|Any CPU
		{D34872A4-DBB9-4950-A62C-CE9D09AF7377}.Debug|Any CPU.Build.0 = Debug|Any CPU
		{D34872A4-DBB9-4950-A62C-CE9D09AF7377}.Release|Any CPU.ActiveCfg = Release|Any CPU
		{D34872A4-DBB9-4950-A62C-CE9D09AF7377}.Release|Any CPU.Build.0 = Release|Any CPU
		{26894C70-22F0-4966-93AC-2EAA99549F03}.Debug|Any CPU.ActiveCfg = Debug|Any CPU
		{26894C70-22F0-4966-93AC-2EAA99549F03}.Debug|Any CPU.Build.0 = Debug|Any CPU
		{26894C70-22F0-4966-93AC-2EAA99549F03}.Release|Any CPU.ActiveCfg = Release|Any CPU
		{26894C70-22F0-4966-93AC-2EAA99549F03}.Release|Any CPU.Build.0 = Release|Any CPU
	EndGlobalSection
	GlobalSection(SolutionProperties) = preSolution
		HideSolutionNode = FALSE
	EndGlobalSection
	GlobalSection(ExtensibilityGlobals) = postSolution
		SolutionGuid = {37541A69-E2AA-4921-BD53-8A958EEAB225}
	EndGlobalSection
EndGlobal
