
Microsoft Visual Studio Solution File, Format Version 12.00
# Visual Studio Version 16
VisualStudioVersion = 16.0.30309.148
MinimumVisualStudioVersion = 10.0.40219.1
Project("{FAE04EC0-301F-11D3-BF4B-00C04F79EFBC}") = "01.ComputerStore", "01.ComputerStore\01.ComputerStore.csproj", "{ABA853AA-76B4-46C9-BE01-4555B78C702C}"
EndProject
Project("{FAE04EC0-301F-11D3-BF4B-00C04F79EFBC}") = "02.TheLift", "02.TheLift\02.TheLift.csproj", "{1ED47138-2292-4226-85F4-A53B2E2E6EA5}"
EndProject
Project("{FAE04EC0-301F-11D3-BF4B-00C04F79EFBC}") = "03.MemoryGame", "03.MemoryGame\03.MemoryGame.csproj", "{77DBBD74-5755-4452-BA05-C2B816BF4944}"
EndProject
Global
	GlobalSection(SolutionConfigurationPlatforms) = preSolution
		Debug|Any CPU = Debug|Any CPU
		Release|Any CPU = Release|Any CPU
	EndGlobalSection
	GlobalSection(ProjectConfigurationPlatforms) = postSolution
		{ABA853AA-76B4-46C9-BE01-4555B78C702C}.Debug|Any CPU.ActiveCfg = Debug|Any CPU
		{ABA853AA-76B4-46C9-BE01-4555B78C702C}.Debug|Any CPU.Build.0 = Debug|Any CPU
		{ABA853AA-76B4-46C9-BE01-4555B78C702C}.Release|Any CPU.ActiveCfg = Release|Any CPU
		{ABA853AA-76B4-46C9-BE01-4555B78C702C}.Release|Any CPU.Build.0 = Release|Any CPU
		{1ED47138-2292-4226-85F4-A53B2E2E6EA5}.Debug|Any CPU.ActiveCfg = Debug|Any CPU
		{1ED47138-2292-4226-85F4-A53B2E2E6EA5}.Debug|Any CPU.Build.0 = Debug|Any CPU
		{1ED47138-2292-4226-85F4-A53B2E2E6EA5}.Release|Any CPU.ActiveCfg = Release|Any CPU
		{1ED47138-2292-4226-85F4-A53B2E2E6EA5}.Release|Any CPU.Build.0 = Release|Any CPU
		{77DBBD74-5755-4452-BA05-C2B816BF4944}.Debug|Any CPU.ActiveCfg = Debug|Any CPU
		{77DBBD74-5755-4452-BA05-C2B816BF4944}.Debug|Any CPU.Build.0 = Debug|Any CPU
		{77DBBD74-5755-4452-BA05-C2B816BF4944}.Release|Any CPU.ActiveCfg = Release|Any CPU
		{77DBBD74-5755-4452-BA05-C2B816BF4944}.Release|Any CPU.Build.0 = Release|Any CPU
	EndGlobalSection
	GlobalSection(SolutionProperties) = preSolution
		HideSolutionNode = FALSE
	EndGlobalSection
	GlobalSection(ExtensibilityGlobals) = postSolution
		SolutionGuid = {59E6087C-A3C8-4F69-AFDC-80B15BFA7F12}
	EndGlobalSection
EndGlobal
