
Microsoft Visual Studio Solution File, Format Version 12.00
# Visual Studio Version 16
VisualStudioVersion = 16.0.30309.148
MinimumVisualStudioVersion = 10.0.40219.1
Project("{FAE04EC0-301F-11D3-BF4B-00C04F79EFBC}") = "01.FlowerWreaths", "01.FlowerWreaths\01.FlowerWreaths.csproj", "{5AC2AA48-ABEB-494C-8289-5D04AE7C0A85}"
EndProject
Project("{FAE04EC0-301F-11D3-BF4B-00C04F79EFBC}") = "02.Bee", "02.Bee\02.Bee.csproj", "{770175D0-2BCB-41C4-B872-8F968CF56AFF}"
EndProject
Project("{FAE04EC0-301F-11D3-BF4B-00C04F79EFBC}") = "03.VetClinic", "03.VetClinic\03.VetClinic.csproj", "{20A26D7C-2DAB-4A3D-A839-5D54107A1120}"
EndProject
Global
	GlobalSection(SolutionConfigurationPlatforms) = preSolution
		Debug|Any CPU = Debug|Any CPU
		Release|Any CPU = Release|Any CPU
	EndGlobalSection
	GlobalSection(ProjectConfigurationPlatforms) = postSolution
		{5AC2AA48-ABEB-494C-8289-5D04AE7C0A85}.Debug|Any CPU.ActiveCfg = Debug|Any CPU
		{5AC2AA48-ABEB-494C-8289-5D04AE7C0A85}.Debug|Any CPU.Build.0 = Debug|Any CPU
		{5AC2AA48-ABEB-494C-8289-5D04AE7C0A85}.Release|Any CPU.ActiveCfg = Release|Any CPU
		{5AC2AA48-ABEB-494C-8289-5D04AE7C0A85}.Release|Any CPU.Build.0 = Release|Any CPU
		{770175D0-2BCB-41C4-B872-8F968CF56AFF}.Debug|Any CPU.ActiveCfg = Debug|Any CPU
		{770175D0-2BCB-41C4-B872-8F968CF56AFF}.Debug|Any CPU.Build.0 = Debug|Any CPU
		{770175D0-2BCB-41C4-B872-8F968CF56AFF}.Release|Any CPU.ActiveCfg = Release|Any CPU
		{770175D0-2BCB-41C4-B872-8F968CF56AFF}.Release|Any CPU.Build.0 = Release|Any CPU
		{20A26D7C-2DAB-4A3D-A839-5D54107A1120}.Debug|Any CPU.ActiveCfg = Debug|Any CPU
		{20A26D7C-2DAB-4A3D-A839-5D54107A1120}.Debug|Any CPU.Build.0 = Debug|Any CPU
		{20A26D7C-2DAB-4A3D-A839-5D54107A1120}.Release|Any CPU.ActiveCfg = Release|Any CPU
		{20A26D7C-2DAB-4A3D-A839-5D54107A1120}.Release|Any CPU.Build.0 = Release|Any CPU
	EndGlobalSection
	GlobalSection(SolutionProperties) = preSolution
		HideSolutionNode = FALSE
	EndGlobalSection
	GlobalSection(ExtensibilityGlobals) = postSolution
		SolutionGuid = {30AF5E7E-1646-49E2-A8D1-01F80F249622}
	EndGlobalSection
EndGlobal
