
Microsoft Visual Studio Solution File, Format Version 12.00
# Visual Studio Version 16
VisualStudioVersion = 16.0.30309.148
MinimumVisualStudioVersion = 10.0.40219.1
Project("{FAE04EC0-301F-11D3-BF4B-00C04F79EFBC}") = "01.CustomList", "01.CustomList\01.CustomList.csproj", "{12878014-3B7B-439B-A689-60119EA3BBD6}"
EndProject
Global
	GlobalSection(SolutionConfigurationPlatforms) = preSolution
		Debug|Any CPU = Debug|Any CPU
		Release|Any CPU = Release|Any CPU
	EndGlobalSection
	GlobalSection(ProjectConfigurationPlatforms) = postSolution
		{12878014-3B7B-439B-A689-60119EA3BBD6}.Debug|Any CPU.ActiveCfg = Debug|Any CPU
		{12878014-3B7B-439B-A689-60119EA3BBD6}.Debug|Any CPU.Build.0 = Debug|Any CPU
		{12878014-3B7B-439B-A689-60119EA3BBD6}.Release|Any CPU.ActiveCfg = Release|Any CPU
		{12878014-3B7B-439B-A689-60119EA3BBD6}.Release|Any CPU.Build.0 = Release|Any CPU
	EndGlobalSection
	GlobalSection(SolutionProperties) = preSolution
		HideSolutionNode = FALSE
	EndGlobalSection
	GlobalSection(ExtensibilityGlobals) = postSolution
		SolutionGuid = {AC6DDD70-F2D6-46EF-81BC-94692EA5765C}
	EndGlobalSection
EndGlobal
