
Microsoft Visual Studio Solution File, Format Version 12.00
# Visual Studio Version 16
VisualStudioVersion = 16.0.30309.148
MinimumVisualStudioVersion = 10.0.40219.1
Project("{FAE04EC0-301F-11D3-BF4B-00C04F79EFBC}") = "01.TheImitationGame", "01.TheImitationGame\01.TheImitationGame.csproj", "{655E4D9A-E985-42C3-AAC1-1075E385209E}"
EndProject
Project("{FAE04EC0-301F-11D3-BF4B-00C04F79EFBC}") = "02.AdAstra", "02.AdAstra\02.AdAstra.csproj", "{309FDB24-E35B-4511-B31E-A657A732151F}"
EndProject
Project("{FAE04EC0-301F-11D3-BF4B-00C04F79EFBC}") = "03.ThePianist", "03.ThePianist\03.ThePianist.csproj", "{49DB9CAF-6543-4C65-B01E-C6E014017924}"
EndProject
Global
	GlobalSection(SolutionConfigurationPlatforms) = preSolution
		Debug|Any CPU = Debug|Any CPU
		Release|Any CPU = Release|Any CPU
	EndGlobalSection
	GlobalSection(ProjectConfigurationPlatforms) = postSolution
		{655E4D9A-E985-42C3-AAC1-1075E385209E}.Debug|Any CPU.ActiveCfg = Debug|Any CPU
		{655E4D9A-E985-42C3-AAC1-1075E385209E}.Debug|Any CPU.Build.0 = Debug|Any CPU
		{655E4D9A-E985-42C3-AAC1-1075E385209E}.Release|Any CPU.ActiveCfg = Release|Any CPU
		{655E4D9A-E985-42C3-AAC1-1075E385209E}.Release|Any CPU.Build.0 = Release|Any CPU
		{309FDB24-E35B-4511-B31E-A657A732151F}.Debug|Any CPU.ActiveCfg = Debug|Any CPU
		{309FDB24-E35B-4511-B31E-A657A732151F}.Debug|Any CPU.Build.0 = Debug|Any CPU
		{309FDB24-E35B-4511-B31E-A657A732151F}.Release|Any CPU.ActiveCfg = Release|Any CPU
		{309FDB24-E35B-4511-B31E-A657A732151F}.Release|Any CPU.Build.0 = Release|Any CPU
		{49DB9CAF-6543-4C65-B01E-C6E014017924}.Debug|Any CPU.ActiveCfg = Debug|Any CPU
		{49DB9CAF-6543-4C65-B01E-C6E014017924}.Debug|Any CPU.Build.0 = Debug|Any CPU
		{49DB9CAF-6543-4C65-B01E-C6E014017924}.Release|Any CPU.ActiveCfg = Release|Any CPU
		{49DB9CAF-6543-4C65-B01E-C6E014017924}.Release|Any CPU.Build.0 = Release|Any CPU
	EndGlobalSection
	GlobalSection(SolutionProperties) = preSolution
		HideSolutionNode = FALSE
	EndGlobalSection
	GlobalSection(ExtensibilityGlobals) = postSolution
		SolutionGuid = {F2C097FE-D147-4174-AA42-B828931CC1C7}
	EndGlobalSection
EndGlobal
