
Microsoft Visual Studio Solution File, Format Version 12.00
# Visual Studio Version 16
VisualStudioVersion = 16.0.30309.148
MinimumVisualStudioVersion = 10.0.40219.1
Project("{FAE04EC0-301F-11D3-BF4B-00C04F79EFBC}") = "01.ShopingForSchool", "01.ShopingForSchool\01.ShopingForSchool.csproj", "{2B6D456C-C84E-4105-9698-413AD80EF093}"
EndProject
Project("{FAE04EC0-301F-11D3-BF4B-00C04F79EFBC}") = "02.TravelAgency", "02.TravelAgency\02.TravelAgency.csproj", "{18962143-13DA-4D00-93E4-8FA2DDDC3881}"
EndProject
Project("{FAE04EC0-301F-11D3-BF4B-00C04F79EFBC}") = "03.KartCenter", "03.KartCenter\03.KartCenter.csproj", "{171B9F5E-66E7-4B37-AC7F-87321C87A513}"
EndProject
Project("{FAE04EC0-301F-11D3-BF4B-00C04F79EFBC}") = "04.GiftsFromSanta", "04.GiftsFromSanta\04.GiftsFromSanta.csproj", "{6E5E8761-03AC-452F-8A21-887CC73F0BD4}"
EndProject
Project("{FAE04EC0-301F-11D3-BF4B-00C04F79EFBC}") = "05.KartRankList", "05.KartRankList\05.KartRankList.csproj", "{CCE94B88-BB67-431F-9824-8068D5B45494}"
EndProject
Project("{FAE04EC0-301F-11D3-BF4B-00C04F79EFBC}") = "06.DailyWage", "06.DailyWage\06.DailyWage.csproj", "{4DBD7217-D35C-4115-BD76-31DB2A07F726}"
EndProject
Global
	GlobalSection(SolutionConfigurationPlatforms) = preSolution
		Debug|Any CPU = Debug|Any CPU
		Release|Any CPU = Release|Any CPU
	EndGlobalSection
	GlobalSection(ProjectConfigurationPlatforms) = postSolution
		{2B6D456C-C84E-4105-9698-413AD80EF093}.Debug|Any CPU.ActiveCfg = Debug|Any CPU
		{2B6D456C-C84E-4105-9698-413AD80EF093}.Debug|Any CPU.Build.0 = Debug|Any CPU
		{2B6D456C-C84E-4105-9698-413AD80EF093}.Release|Any CPU.ActiveCfg = Release|Any CPU
		{2B6D456C-C84E-4105-9698-413AD80EF093}.Release|Any CPU.Build.0 = Release|Any CPU
		{18962143-13DA-4D00-93E4-8FA2DDDC3881}.Debug|Any CPU.ActiveCfg = Debug|Any CPU
		{18962143-13DA-4D00-93E4-8FA2DDDC3881}.Debug|Any CPU.Build.0 = Debug|Any CPU
		{18962143-13DA-4D00-93E4-8FA2DDDC3881}.Release|Any CPU.ActiveCfg = Release|Any CPU
		{18962143-13DA-4D00-93E4-8FA2DDDC3881}.Release|Any CPU.Build.0 = Release|Any CPU
		{171B9F5E-66E7-4B37-AC7F-87321C87A513}.Debug|Any CPU.ActiveCfg = Debug|Any CPU
		{171B9F5E-66E7-4B37-AC7F-87321C87A513}.Debug|Any CPU.Build.0 = Debug|Any CPU
		{171B9F5E-66E7-4B37-AC7F-87321C87A513}.Release|Any CPU.ActiveCfg = Release|Any CPU
		{171B9F5E-66E7-4B37-AC7F-87321C87A513}.Release|Any CPU.Build.0 = Release|Any CPU
		{6E5E8761-03AC-452F-8A21-887CC73F0BD4}.Debug|Any CPU.ActiveCfg = Debug|Any CPU
		{6E5E8761-03AC-452F-8A21-887CC73F0BD4}.Debug|Any CPU.Build.0 = Debug|Any CPU
		{6E5E8761-03AC-452F-8A21-887CC73F0BD4}.Release|Any CPU.ActiveCfg = Release|Any CPU
		{6E5E8761-03AC-452F-8A21-887CC73F0BD4}.Release|Any CPU.Build.0 = Release|Any CPU
		{CCE94B88-BB67-431F-9824-8068D5B45494}.Debug|Any CPU.ActiveCfg = Debug|Any CPU
		{CCE94B88-BB67-431F-9824-8068D5B45494}.Debug|Any CPU.Build.0 = Debug|Any CPU
		{CCE94B88-BB67-431F-9824-8068D5B45494}.Release|Any CPU.ActiveCfg = Release|Any CPU
		{CCE94B88-BB67-431F-9824-8068D5B45494}.Release|Any CPU.Build.0 = Release|Any CPU
		{4DBD7217-D35C-4115-BD76-31DB2A07F726}.Debug|Any CPU.ActiveCfg = Debug|Any CPU
		{4DBD7217-D35C-4115-BD76-31DB2A07F726}.Debug|Any CPU.Build.0 = Debug|Any CPU
		{4DBD7217-D35C-4115-BD76-31DB2A07F726}.Release|Any CPU.ActiveCfg = Release|Any CPU
		{4DBD7217-D35C-4115-BD76-31DB2A07F726}.Release|Any CPU.Build.0 = Release|Any CPU
	EndGlobalSection
	GlobalSection(SolutionProperties) = preSolution
		HideSolutionNode = FALSE
	EndGlobalSection
	GlobalSection(ExtensibilityGlobals) = postSolution
		SolutionGuid = {40EB0EE2-421C-4767-BAAF-A6E18C8B9EA2}
	EndGlobalSection
EndGlobal
