
Microsoft Visual Studio Solution File, Format Version 12.00
# Visual Studio Version 16
VisualStudioVersion = 16.0.30309.148
MinimumVisualStudioVersion = 10.0.40219.1
Project("{9A19103F-16F7-4668-BE54-9A1E7A4F7556}") = "01.SumMatrixElements", "01.SumMatrixElements\01.SumMatrixElements.csproj", "{ABD0E0CD-8937-45FF-AF2C-3BFCE638A8FF}"
EndProject
Project("{9A19103F-16F7-4668-BE54-9A1E7A4F7556}") = "02.SumMatrixColumns", "02.SumMatrixColumns\02.SumMatrixColumns.csproj", "{71A4FE75-6C4B-43D3-B69F-9396471208F9}"
EndProject
Project("{9A19103F-16F7-4668-BE54-9A1E7A4F7556}") = "03.PrimaryDiagonal", "3.PrimaryDiagonal\03.PrimaryDiagonal.csproj", "{72907CE0-35C1-4250-BAFD-0A332552A865}"
EndProject
Project("{9A19103F-16F7-4668-BE54-9A1E7A4F7556}") = "04.SymbolInMatrix", "04.SymbolInMatrix\04.SymbolInMatrix.csproj", "{64AEAF4C-049D-475D-9996-2988184E0A13}"
EndProject
Project("{9A19103F-16F7-4668-BE54-9A1E7A4F7556}") = "05.SquareWithMaximumSum", "05.SquareWithMaximumSum\05.SquareWithMaximumSum.csproj", "{CFD69C92-2D0A-4528-8D79-84C1CBAE82B1}"
EndProject
Project("{9A19103F-16F7-4668-BE54-9A1E7A4F7556}") = "06.Jagged-ArrayModification", "06.Jagged-ArrayModification\06.Jagged-ArrayModification.csproj", "{BFF309FB-1B36-4798-B1C1-78D865C06EDA}"
EndProject
Project("{FAE04EC0-301F-11D3-BF4B-00C04F79EFBC}") = "07.PascalTriangle", "07.PascalTriangle\07.PascalTriangle.csproj", "{8D77D289-B02F-441F-A420-64A1594020CB}"
EndProject
Global
	GlobalSection(SolutionConfigurationPlatforms) = preSolution
		Debug|Any CPU = Debug|Any CPU
		Release|Any CPU = Release|Any CPU
	EndGlobalSection
	GlobalSection(ProjectConfigurationPlatforms) = postSolution
		{ABD0E0CD-8937-45FF-AF2C-3BFCE638A8FF}.Debug|Any CPU.ActiveCfg = Debug|Any CPU
		{ABD0E0CD-8937-45FF-AF2C-3BFCE638A8FF}.Debug|Any CPU.Build.0 = Debug|Any CPU
		{ABD0E0CD-8937-45FF-AF2C-3BFCE638A8FF}.Release|Any CPU.ActiveCfg = Release|Any CPU
		{ABD0E0CD-8937-45FF-AF2C-3BFCE638A8FF}.Release|Any CPU.Build.0 = Release|Any CPU
		{71A4FE75-6C4B-43D3-B69F-9396471208F9}.Debug|Any CPU.ActiveCfg = Debug|Any CPU
		{71A4FE75-6C4B-43D3-B69F-9396471208F9}.Debug|Any CPU.Build.0 = Debug|Any CPU
		{71A4FE75-6C4B-43D3-B69F-9396471208F9}.Release|Any CPU.ActiveCfg = Release|Any CPU
		{71A4FE75-6C4B-43D3-B69F-9396471208F9}.Release|Any CPU.Build.0 = Release|Any CPU
		{72907CE0-35C1-4250-BAFD-0A332552A865}.Debug|Any CPU.ActiveCfg = Debug|Any CPU
		{72907CE0-35C1-4250-BAFD-0A332552A865}.Debug|Any CPU.Build.0 = Debug|Any CPU
		{72907CE0-35C1-4250-BAFD-0A332552A865}.Release|Any CPU.ActiveCfg = Release|Any CPU
		{72907CE0-35C1-4250-BAFD-0A332552A865}.Release|Any CPU.Build.0 = Release|Any CPU
		{64AEAF4C-049D-475D-9996-2988184E0A13}.Debug|Any CPU.ActiveCfg = Debug|Any CPU
		{64AEAF4C-049D-475D-9996-2988184E0A13}.Debug|Any CPU.Build.0 = Debug|Any CPU
		{64AEAF4C-049D-475D-9996-2988184E0A13}.Release|Any CPU.ActiveCfg = Release|Any CPU
		{64AEAF4C-049D-475D-9996-2988184E0A13}.Release|Any CPU.Build.0 = Release|Any CPU
		{CFD69C92-2D0A-4528-8D79-84C1CBAE82B1}.Debug|Any CPU.ActiveCfg = Debug|Any CPU
		{CFD69C92-2D0A-4528-8D79-84C1CBAE82B1}.Debug|Any CPU.Build.0 = Debug|Any CPU
		{CFD69C92-2D0A-4528-8D79-84C1CBAE82B1}.Release|Any CPU.ActiveCfg = Release|Any CPU
		{CFD69C92-2D0A-4528-8D79-84C1CBAE82B1}.Release|Any CPU.Build.0 = Release|Any CPU
		{BFF309FB-1B36-4798-B1C1-78D865C06EDA}.Debug|Any CPU.ActiveCfg = Debug|Any CPU
		{BFF309FB-1B36-4798-B1C1-78D865C06EDA}.Debug|Any CPU.Build.0 = Debug|Any CPU
		{BFF309FB-1B36-4798-B1C1-78D865C06EDA}.Release|Any CPU.ActiveCfg = Release|Any CPU
		{BFF309FB-1B36-4798-B1C1-78D865C06EDA}.Release|Any CPU.Build.0 = Release|Any CPU
		{8D77D289-B02F-441F-A420-64A1594020CB}.Debug|Any CPU.ActiveCfg = Debug|Any CPU
		{8D77D289-B02F-441F-A420-64A1594020CB}.Debug|Any CPU.Build.0 = Debug|Any CPU
		{8D77D289-B02F-441F-A420-64A1594020CB}.Release|Any CPU.ActiveCfg = Release|Any CPU
		{8D77D289-B02F-441F-A420-64A1594020CB}.Release|Any CPU.Build.0 = Release|Any CPU
	EndGlobalSection
	GlobalSection(SolutionProperties) = preSolution
		HideSolutionNode = FALSE
	EndGlobalSection
	GlobalSection(ExtensibilityGlobals) = postSolution
		SolutionGuid = {BDB42A1B-4395-4D9F-BF74-7121627F8BF7}
	EndGlobalSection
EndGlobal
